
Microsoft Visual Studio Solution File, Format Version 12.00
# Visual Studio Version 16
VisualStudioVersion = 16.0.29709.97
MinimumVisualStudioVersion = 10.0.40219.1
Project("{9A19103F-16F7-4668-BE54-9A1E7A4F7556}") = "CrowdOrder.beta", "CrowdOrder.beta\CrowdOrder.beta.csproj", "{D6831624-764B-4A0D-B522-56BC8E2E1077}"
EndProject
Project("{FAE04EC0-301F-11D3-BF4B-00C04F79EFBC}") = "CrowdOrder.Test", "CrowdOrder.Test\CrowdOrder.Test.csproj", "{DC45AA1A-9F5F-4EDF-8648-AA808C9ABD33}"
EndProject
Global
	GlobalSection(SolutionConfigurationPlatforms) = preSolution
		Debug|Any CPU = Debug|Any CPU
		Release|Any CPU = Release|Any CPU
	EndGlobalSection
	GlobalSection(ProjectConfigurationPlatforms) = postSolution
		{D6831624-764B-4A0D-B522-56BC8E2E1077}.Debug|Any CPU.ActiveCfg = Debug|Any CPU
		{D6831624-764B-4A0D-B522-56BC8E2E1077}.Debug|Any CPU.Build.0 = Debug|Any CPU
		{D6831624-764B-4A0D-B522-56BC8E2E1077}.Release|Any CPU.ActiveCfg = Release|Any CPU
		{D6831624-764B-4A0D-B522-56BC8E2E1077}.Release|Any CPU.Build.0 = Release|Any CPU
		{DC45AA1A-9F5F-4EDF-8648-AA808C9ABD33}.Debug|Any CPU.ActiveCfg = Debug|Any CPU
		{DC45AA1A-9F5F-4EDF-8648-AA808C9ABD33}.Debug|Any CPU.Build.0 = Debug|Any CPU
		{DC45AA1A-9F5F-4EDF-8648-AA808C9ABD33}.Release|Any CPU.ActiveCfg = Release|Any CPU
		{DC45AA1A-9F5F-4EDF-8648-AA808C9ABD33}.Release|Any CPU.Build.0 = Release|Any CPU
	EndGlobalSection
	GlobalSection(SolutionProperties) = preSolution
		HideSolutionNode = FALSE
	EndGlobalSection
	GlobalSection(ExtensibilityGlobals) = postSolution
		SolutionGuid = {CFBF175C-B620-45BA-B354-870832FDD4DE}
	EndGlobalSection
EndGlobal
